# This file is automatically @generated by Cargo.
# It is not intended for manual editing.
version = 4

[[package]]
name = "cli_tool"
version = "0.1.0"

[[package]]
name = "w01_basics"
version = "0.1.0"

[[package]]
name = "w02_ownership"
version = "0.1.0"

[[package]]
name = "w03_error_handling"
version = "0.1.0"

[[package]]
name = "w04_traits"
version = "0.1.0"

[[package]]
name = "w05_iterators"
version = "0.1.0"

[[package]]
name = "web_std_http"
version = "0.1.0"
